
Microsoft Visual Studio Solution File, Format Version 12.00
# Visual Studio 2013
VisualStudioVersion = 12.0.30110.0
MinimumVisualStudioVersion = 10.0.40219.1
Project("{FAE04EC0-301F-11D3-BF4B-00C04F79EFBC}") = "EMCMenu", "EMCMenu\EMCMenu.csproj", "{7FC83B91-1113-4B72-BE39-A3D5DCB8A68E}"
EndProject
Project("{FAE04EC0-301F-11D3-BF4B-00C04F79EFBC}") = "EmcMenuDAO", "EmcMenuDAO\EmcMenuDAO.csproj", "{8AEC44D1-B242-4995-9EFF-F4CAE0CBA3C3}"
EndProject
Project("{FAE04EC0-301F-11D3-BF4B-00C04F79EFBC}") = "EmcMenuModel", "EmcMenuModel\EmcMenuModel.csproj", "{EB914FDD-BD17-454E-9044-7B4EA9A26E81}"
EndProject
Global
	GlobalSection(TeamFoundationVersionControl) = preSolution
		SccNumberOfProjects = 4
		SccEnterpriseProvider = {4CA58AB2-18FA-4F8D-95D4-32DDF27D184C}
		SccTeamFoundationServer = http://bismarck:8080/tfs/emc
		SccLocalPath0 = .
		SccProjectUniqueName1 = EMCMenu\\EMCMenu.csproj
		SccProjectName1 = EMCMenu
		SccLocalPath1 = EMCMenu
		SccProjectUniqueName2 = EmcMenuDAO\\EmcMenuDAO.csproj
		SccProjectName2 = EmcMenuDAO
		SccLocalPath2 = EmcMenuDAO
		SccProjectUniqueName3 = EmcMenuModel\\EmcMenuModel.csproj
		SccProjectName3 = EmcMenuModel
		SccLocalPath3 = EmcMenuModel
	EndGlobalSection
	GlobalSection(SolutionConfigurationPlatforms) = preSolution
		Debug|Any CPU = Debug|Any CPU
		Debug|Mixed Platforms = Debug|Mixed Platforms
		Debug|x86 = Debug|x86
		Release|Any CPU = Release|Any CPU
		Release|Mixed Platforms = Release|Mixed Platforms
		Release|x86 = Release|x86
	EndGlobalSection
	GlobalSection(ProjectConfigurationPlatforms) = postSolution
		{7FC83B91-1113-4B72-BE39-A3D5DCB8A68E}.Debug|Any CPU.ActiveCfg = Debug|x86
		{7FC83B91-1113-4B72-BE39-A3D5DCB8A68E}.Debug|Mixed Platforms.ActiveCfg = Debug|x86
		{7FC83B91-1113-4B72-BE39-A3D5DCB8A68E}.Debug|Mixed Platforms.Build.0 = Debug|x86
		{7FC83B91-1113-4B72-BE39-A3D5DCB8A68E}.Debug|x86.ActiveCfg = Debug|x86
		{7FC83B91-1113-4B72-BE39-A3D5DCB8A68E}.Debug|x86.Build.0 = Debug|x86
		{7FC83B91-1113-4B72-BE39-A3D5DCB8A68E}.Release|Any CPU.ActiveCfg = Release|x86
		{7FC83B91-1113-4B72-BE39-A3D5DCB8A68E}.Release|Mixed Platforms.ActiveCfg = Release|x86
		{7FC83B91-1113-4B72-BE39-A3D5DCB8A68E}.Release|Mixed Platforms.Build.0 = Release|x86
		{7FC83B91-1113-4B72-BE39-A3D5DCB8A68E}.Release|x86.ActiveCfg = Release|x86
		{7FC83B91-1113-4B72-BE39-A3D5DCB8A68E}.Release|x86.Build.0 = Release|x86
		{8AEC44D1-B242-4995-9EFF-F4CAE0CBA3C3}.Debug|Any CPU.ActiveCfg = Debug|Any CPU
		{8AEC44D1-B242-4995-9EFF-F4CAE0CBA3C3}.Debug|Any CPU.Build.0 = Debug|Any CPU
		{8AEC44D1-B242-4995-9EFF-F4CAE0CBA3C3}.Debug|Mixed Platforms.ActiveCfg = Debug|Any CPU
		{8AEC44D1-B242-4995-9EFF-F4CAE0CBA3C3}.Debug|Mixed Platforms.Build.0 = Debug|Any CPU
		{8AEC44D1-B242-4995-9EFF-F4CAE0CBA3C3}.Debug|x86.ActiveCfg = Debug|Any CPU
		{8AEC44D1-B242-4995-9EFF-F4CAE0CBA3C3}.Release|Any CPU.ActiveCfg = Release|Any CPU
		{8AEC44D1-B242-4995-9EFF-F4CAE0CBA3C3}.Release|Any CPU.Build.0 = Release|Any CPU
		{8AEC44D1-B242-4995-9EFF-F4CAE0CBA3C3}.Release|Mixed Platforms.ActiveCfg = Release|Any CPU
		{8AEC44D1-B242-4995-9EFF-F4CAE0CBA3C3}.Release|Mixed Platforms.Build.0 = Release|Any CPU
		{8AEC44D1-B242-4995-9EFF-F4CAE0CBA3C3}.Release|x86.ActiveCfg = Release|Any CPU
		{EB914FDD-BD17-454E-9044-7B4EA9A26E81}.Debug|Any CPU.ActiveCfg = Debug|Any CPU
		{EB914FDD-BD17-454E-9044-7B4EA9A26E81}.Debug|Any CPU.Build.0 = Debug|Any CPU
		{EB914FDD-BD17-454E-9044-7B4EA9A26E81}.Debug|Mixed Platforms.ActiveCfg = Debug|Any CPU
		{EB914FDD-BD17-454E-9044-7B4EA9A26E81}.Debug|Mixed Platforms.Build.0 = Debug|Any CPU
		{EB914FDD-BD17-454E-9044-7B4EA9A26E81}.Debug|x86.ActiveCfg = Debug|Any CPU
		{EB914FDD-BD17-454E-9044-7B4EA9A26E81}.Release|Any CPU.ActiveCfg = Release|Any CPU
		{EB914FDD-BD17-454E-9044-7B4EA9A26E81}.Release|Any CPU.Build.0 = Release|Any CPU
		{EB914FDD-BD17-454E-9044-7B4EA9A26E81}.Release|Mixed Platforms.ActiveCfg = Release|Any CPU
		{EB914FDD-BD17-454E-9044-7B4EA9A26E81}.Release|Mixed Platforms.Build.0 = Release|Any CPU
		{EB914FDD-BD17-454E-9044-7B4EA9A26E81}.Release|x86.ActiveCfg = Release|Any CPU
	EndGlobalSection
	GlobalSection(SolutionProperties) = preSolution
		HideSolutionNode = FALSE
	EndGlobalSection
EndGlobal
