
Microsoft Visual Studio Solution File, Format Version 12.00
# Visual Studio 2013
VisualStudioVersion = 12.0.30501.0
MinimumVisualStudioVersion = 10.0.40219.1
Project("{FAE04EC0-301F-11D3-BF4B-00C04F79EFBC}") = "EMCIntegracaoModel", "EMCIntegracaoModel\EMCIntegracaoModel.csproj", "{D80764B0-7B8B-46E9-885E-85D1AF63474C}"
EndProject
Project("{FAE04EC0-301F-11D3-BF4B-00C04F79EFBC}") = "EMCIntegracaoDAO", "EMCIntegracaoDAO\EMCIntegracaoDAO.csproj", "{38FCE2AD-8405-4023-BF2B-BF26B26E7E06}"
EndProject
Project("{FAE04EC0-301F-11D3-BF4B-00C04F79EFBC}") = "EMCIntegracaoRN", "EMCIntegracaoRN\EMCIntegracaoRN.csproj", "{83DFBFC3-7C97-4088-8ABF-E23FDD7C9D54}"
EndProject
Global
	GlobalSection(TeamFoundationVersionControl) = preSolution
		SccNumberOfProjects = 4
		SccEnterpriseProvider = {4CA58AB2-18FA-4F8D-95D4-32DDF27D184C}
		SccTeamFoundationServer = http://bismarck:8080/tfs/emc
		SccLocalPath0 = .
		SccProjectUniqueName1 = EMCIntegracaoModel\\EMCIntegracaoModel.csproj
		SccProjectName1 = EMCIntegracaoModel
		SccLocalPath1 = EMCIntegracaoModel
		SccProjectUniqueName2 = EMCIntegracaoDAO\\EMCIntegracaoDAO.csproj
		SccProjectName2 = EMCIntegracaoDAO
		SccLocalPath2 = EMCIntegracaoDAO
		SccProjectUniqueName3 = EMCIntegracaoRN\\EMCIntegracaoRN.csproj
		SccProjectName3 = EMCIntegracaoRN
		SccLocalPath3 = EMCIntegracaoRN
	EndGlobalSection
	GlobalSection(SolutionConfigurationPlatforms) = preSolution
		Debug|Any CPU = Debug|Any CPU
		Release|Any CPU = Release|Any CPU
	EndGlobalSection
	GlobalSection(ProjectConfigurationPlatforms) = postSolution
		{D80764B0-7B8B-46E9-885E-85D1AF63474C}.Debug|Any CPU.ActiveCfg = Debug|Any CPU
		{D80764B0-7B8B-46E9-885E-85D1AF63474C}.Debug|Any CPU.Build.0 = Debug|Any CPU
		{D80764B0-7B8B-46E9-885E-85D1AF63474C}.Release|Any CPU.ActiveCfg = Release|Any CPU
		{D80764B0-7B8B-46E9-885E-85D1AF63474C}.Release|Any CPU.Build.0 = Release|Any CPU
		{38FCE2AD-8405-4023-BF2B-BF26B26E7E06}.Debug|Any CPU.ActiveCfg = Debug|Any CPU
		{38FCE2AD-8405-4023-BF2B-BF26B26E7E06}.Debug|Any CPU.Build.0 = Debug|Any CPU
		{38FCE2AD-8405-4023-BF2B-BF26B26E7E06}.Release|Any CPU.ActiveCfg = Release|Any CPU
		{38FCE2AD-8405-4023-BF2B-BF26B26E7E06}.Release|Any CPU.Build.0 = Release|Any CPU
		{83DFBFC3-7C97-4088-8ABF-E23FDD7C9D54}.Debug|Any CPU.ActiveCfg = Debug|Any CPU
		{83DFBFC3-7C97-4088-8ABF-E23FDD7C9D54}.Debug|Any CPU.Build.0 = Debug|Any CPU
		{83DFBFC3-7C97-4088-8ABF-E23FDD7C9D54}.Release|Any CPU.ActiveCfg = Release|Any CPU
		{83DFBFC3-7C97-4088-8ABF-E23FDD7C9D54}.Release|Any CPU.Build.0 = Release|Any CPU
	EndGlobalSection
	GlobalSection(SolutionProperties) = preSolution
		HideSolutionNode = FALSE
	EndGlobalSection
EndGlobal
